
Microsoft Visual Studio Solution File, Format Version 12.00
# Visual Studio Version 17
VisualStudioVersion = 17.13.35913.81 d17.13
MinimumVisualStudioVersion = 10.0.40219.1
Project("{FAE04EC0-301F-11D3-BF4B-00C04F79EFBC}") = "EmployeeManagement", "EmployeeManagement\EmployeeManagement.csproj", "{ECD643A5-481F-4CC1-9BF1-82208022A4CF}"
EndProject
Global
	GlobalSection(SolutionConfigurationPlatforms) = preSolution
		Debug|Any CPU = Debug|Any CPU
		Release|Any CPU = Release|Any CPU
	EndGlobalSection
	GlobalSection(ProjectConfigurationPlatforms) = postSolution
		{ECD643A5-481F-4CC1-9BF1-82208022A4CF}.Debug|Any CPU.ActiveCfg = Debug|Any CPU
		{ECD643A5-481F-4CC1-9BF1-82208022A4CF}.Debug|Any CPU.Build.0 = Debug|Any CPU
		{ECD643A5-481F-4CC1-9BF1-82208022A4CF}.Release|Any CPU.ActiveCfg = Release|Any CPU
		{ECD643A5-481F-4CC1-9BF1-82208022A4CF}.Release|Any CPU.Build.0 = Release|Any CPU
	EndGlobalSection
	GlobalSection(SolutionProperties) = preSolution
		HideSolutionNode = FALSE
	EndGlobalSection
	GlobalSection(ExtensibilityGlobals) = postSolution
		SolutionGuid = {D231A6D6-36BD-49AA-8050-21ECECF4942A}
	EndGlobalSection
EndGlobal
